
Microsoft Visual Studio Solution File, Format Version 12.00
# Visual Studio 15
VisualStudioVersion = 15.0.28010.2041
MinimumVisualStudioVersion = 10.0.40219.1
Project("{FAE04EC0-301F-11D3-BF4B-00C04F79EFBC}") = "FefeStringExtensions", "FefeStringExtensions\FefeStringExtensions.csproj", "{536DFCFE-0CD9-4CCC-BE01-082BABB210A6}"
EndProject
Project("{FAE04EC0-301F-11D3-BF4B-00C04F79EFBC}") = "FeFeStringExtensions.Test", "FeFeStringExtensions.Test\FeFeStringExtensions.Test.csproj", "{7ADEAAB9-9BEB-4E8D-BFE5-C8946A56426A}"
EndProject
Global
	GlobalSection(SolutionConfigurationPlatforms) = preSolution
		Debug|Any CPU = Debug|Any CPU
		Release|Any CPU = Release|Any CPU
	EndGlobalSection
	GlobalSection(ProjectConfigurationPlatforms) = postSolution
		{536DFCFE-0CD9-4CCC-BE01-082BABB210A6}.Debug|Any CPU.ActiveCfg = Debug|Any CPU
		{536DFCFE-0CD9-4CCC-BE01-082BABB210A6}.Debug|Any CPU.Build.0 = Debug|Any CPU
		{536DFCFE-0CD9-4CCC-BE01-082BABB210A6}.Release|Any CPU.ActiveCfg = Release|Any CPU
		{536DFCFE-0CD9-4CCC-BE01-082BABB210A6}.Release|Any CPU.Build.0 = Release|Any CPU
		{7ADEAAB9-9BEB-4E8D-BFE5-C8946A56426A}.Debug|Any CPU.ActiveCfg = Debug|Any CPU
		{7ADEAAB9-9BEB-4E8D-BFE5-C8946A56426A}.Debug|Any CPU.Build.0 = Debug|Any CPU
		{7ADEAAB9-9BEB-4E8D-BFE5-C8946A56426A}.Release|Any CPU.ActiveCfg = Release|Any CPU
		{7ADEAAB9-9BEB-4E8D-BFE5-C8946A56426A}.Release|Any CPU.Build.0 = Release|Any CPU
	EndGlobalSection
	GlobalSection(SolutionProperties) = preSolution
		HideSolutionNode = FALSE
	EndGlobalSection
	GlobalSection(ExtensibilityGlobals) = postSolution
		SolutionGuid = {B0B8BEDF-E16F-46D9-A48F-F51460F6C2F8}
	EndGlobalSection
EndGlobal
